{
    "name": "multiple_package_json",
    "version": "0.1.0",
    "lockfileVersion": 1,
    "requires": true,
    "dependencies": {
        "@bazel/bazel": {
            "version": "1.0.0",
            "resolved": "https://registry.npmjs.org/@bazel/bazel/-/bazel-1.0.0.tgz",
            "integrity": "sha512-bxNjlieM1HwgIgqx+AqtNeUA6bvqIQ0X5YysWuCCtT24Dd+wTs6fRSx1KGOA1NiRBrg+kpk7ebitOU8yaM+tiA==",
            "dev": true,
            "requires": {
                "@bazel/bazel-darwin_x64": "1.0.0",
                "@bazel/bazel-linux_x64": "1.0.0",
                "@bazel/bazel-win32_x64": "1.0.0",
                "@bazel/hide-bazel-files": "^0.38.3"
            },
            "dependencies": {
                "@bazel/bazel-darwin_x64": {
                    "version": "1.0.0",
                    "resolved": "https://registry.npmjs.org/@bazel/bazel-darwin_x64/-/bazel-darwin_x64-1.0.0.tgz",
                    "integrity": "sha512-2J8qPpUAhSsuZ1P0kMFLvAQUz8zB8mkKmGL3/8raXUnw9TblsykwAdeg3QlJwTLORn+ZqdAjOYEQIarnTpS1NA==",
                    "dev": true,
                    "optional": true
                },
                "@bazel/bazel-linux_x64": {
                    "version": "1.0.0",
                    "resolved": "https://registry.npmjs.org/@bazel/bazel-linux_x64/-/bazel-linux_x64-1.0.0.tgz",
                    "integrity": "sha512-/ZpOrYyDNGqUyAGPHFr4Y1kn8xCG1G4Lg2VMZtfCZzDohzoYFYs8iyQGU2/8PwldH8XX+oJT9atWqSt1EyoeAw==",
                    "dev": true,
                    "optional": true
                },
                "@bazel/bazel-win32_x64": {
                    "version": "1.0.0",
                    "resolved": "https://registry.npmjs.org/@bazel/bazel-win32_x64/-/bazel-win32_x64-1.0.0.tgz",
                    "integrity": "sha512-p5LpQ/WiijwOS+eBkdD7UewHL8JwK+8gpb4tIKqgh/a2yawgzEQPJDPBUV9ykss5t+s85BL2kEMhduuDewt/MA==",
                    "dev": true,
                    "optional": true
                }
            }
        },
        "@bazel/buildifier": {
            "version": "0.29.0",
            "resolved": "https://registry.npmjs.org/@bazel/buildifier/-/buildifier-0.29.0.tgz",
            "integrity": "sha512-skJ7vVff7x3tB8crBCtJji2wU09uH0uD2N30xfOpVUgsMJSXktAQMj8+RPdMBqJQ9XS5+O5lmRthR35Ua7xQXA==",
            "dev": true,
            "requires": {
                "@bazel/buildifier-darwin_x64": "0.29.0",
                "@bazel/buildifier-linux_x64": "0.29.0",
                "@bazel/buildifier-win32_x64": "0.29.0"
            },
            "dependencies": {
                "@bazel/buildifier-darwin_x64": {
                    "version": "0.29.0",
                    "resolved": "https://registry.npmjs.org/@bazel/buildifier-darwin_x64/-/buildifier-darwin_x64-0.29.0.tgz",
                    "integrity": "sha512-jiQIZo5z1c8oFokD2jObrkB04Bs+7RaUJ6WlHV9BBeJiRMGfRVUBUrOF5eJPk6VB8qknIOfHvJD/Ym5XUc1Zlw==",
                    "dev": true,
                    "optional": true
                },
                "@bazel/buildifier-linux_x64": {
                    "version": "0.29.0",
                    "resolved": "https://registry.npmjs.org/@bazel/buildifier-linux_x64/-/buildifier-linux_x64-0.29.0.tgz",
                    "integrity": "sha512-sXXY0gP4oC1nC1G8Baqd7kyBL/y9/qOqftKSkDe2Y7gBoc9GslwyexwDxTSxK0Gun/4Vcvc2eRu7b83hMOxuag==",
                    "dev": true,
                    "optional": true
                },
                "@bazel/buildifier-win32_x64": {
                    "version": "0.29.0",
                    "resolved": "https://registry.npmjs.org/@bazel/buildifier-win32_x64/-/buildifier-win32_x64-0.29.0.tgz",
                    "integrity": "sha512-hnOQfPhQNAIqbrhsHT3MWAyAZSUhKwxzEuZJZoOsGrW8fPonhKysdvfZJqfqJ6vDVYaMJKvLnSO1c9QZRhU7kQ==",
                    "dev": true,
                    "optional": true
                }
            }
        },
        "@bazel/hide-bazel-files": {
            "version": "0.38.3",
            "resolved": "https://registry.npmjs.org/@bazel/hide-bazel-files/-/hide-bazel-files-0.38.3.tgz",
            "integrity": "sha512-o+dNkfDm3qxWQ8h/04cWuTcjR7qnjZi3pQGv4aklVb16oPWx2jF8BzbkwvWuIkdbOl9VnqYP0vaHzwQVJRRcIA==",
            "dev": true
        },
        "@bazel/ibazel": {
            "version": "0.10.3",
            "resolved": "https://registry.npmjs.org/@bazel/ibazel/-/ibazel-0.10.3.tgz",
            "integrity": "sha512-v1nXbMTHVlMM4z4uWp6XiRoHAyUlYggF1SOboLLWRp0+D22kWixqArWqnozLw2mOtnxr97BdLjluWiho6A8Hjg==",
            "dev": true
        }
    }
}
