# THIS IS AN AUTOGENERATED FILE. DO NOT EDIT THIS FILE DIRECTLY.
# yarn lockfile v1


"@bazel/bazel-darwin_x64@1.0.0":
  version "1.0.0"
  resolved "https://registry.yarnpkg.com/@bazel/bazel-darwin_x64/-/bazel-darwin_x64-1.0.0.tgz#8ab7ecba867130d87e3ecd6cfd5757e59ea274ab"
  integrity sha512-2J8qPpUAhSsuZ1P0kMFLvAQUz8zB8mkKmGL3/8raXUnw9TblsykwAdeg3QlJwTLORn+ZqdAjOYEQIarnTpS1NA==

"@bazel/bazel-linux_x64@1.0.0":
  version "1.0.0"
  resolved "https://registry.yarnpkg.com/@bazel/bazel-linux_x64/-/bazel-linux_x64-1.0.0.tgz#7043cc41eaf7b1d2618766e0759d513873bb9659"
  integrity sha512-/ZpOrYyDNGqUyAGPHFr4Y1kn8xCG1G4Lg2VMZtfCZzDohzoYFYs8iyQGU2/8PwldH8XX+oJT9atWqSt1EyoeAw==

"@bazel/bazel-win32_x64@1.0.0":
  version "1.0.0"
  resolved "https://registry.yarnpkg.com/@bazel/bazel-win32_x64/-/bazel-win32_x64-1.0.0.tgz#1111e4910c155a1917162ae96fd3737d062d20dd"
  integrity sha512-p5LpQ/WiijwOS+eBkdD7UewHL8JwK+8gpb4tIKqgh/a2yawgzEQPJDPBUV9ykss5t+s85BL2kEMhduuDewt/MA==

"@bazel/bazel@latest":
  version "1.0.0"
  resolved "https://registry.yarnpkg.com/@bazel/bazel/-/bazel-1.0.0.tgz#7c6e306d8ced3a6e087f041861364ef742560342"
  integrity sha512-bxNjlieM1HwgIgqx+AqtNeUA6bvqIQ0X5YysWuCCtT24Dd+wTs6fRSx1KGOA1NiRBrg+kpk7ebitOU8yaM+tiA==
  dependencies:
    "@bazel/hide-bazel-files" latest
  optionalDependencies:
    "@bazel/bazel-darwin_x64" "1.0.0"
    "@bazel/bazel-linux_x64" "1.0.0"
    "@bazel/bazel-win32_x64" "1.0.0"

"@bazel/buildifier-darwin_x64@0.29.0":
  version "0.29.0"
  resolved "https://registry.yarnpkg.com/@bazel/buildifier-darwin_x64/-/buildifier-darwin_x64-0.29.0.tgz#13dfaf3ea4d89f9d4da00085e894e90b7d302342"
  integrity sha512-jiQIZo5z1c8oFokD2jObrkB04Bs+7RaUJ6WlHV9BBeJiRMGfRVUBUrOF5eJPk6VB8qknIOfHvJD/Ym5XUc1Zlw==

"@bazel/buildifier-linux_x64@0.29.0":
  version "0.29.0"
  resolved "https://registry.yarnpkg.com/@bazel/buildifier-linux_x64/-/buildifier-linux_x64-0.29.0.tgz#0191fc46735a1c281878642673844f2b717cd8dc"
  integrity sha512-sXXY0gP4oC1nC1G8Baqd7kyBL/y9/qOqftKSkDe2Y7gBoc9GslwyexwDxTSxK0Gun/4Vcvc2eRu7b83hMOxuag==

"@bazel/buildifier-win32_x64@0.29.0":
  version "0.29.0"
  resolved "https://registry.yarnpkg.com/@bazel/buildifier-win32_x64/-/buildifier-win32_x64-0.29.0.tgz#a63438c7a7d2dc593e626ed6e163e9d8ea93917a"
  integrity sha512-hnOQfPhQNAIqbrhsHT3MWAyAZSUhKwxzEuZJZoOsGrW8fPonhKysdvfZJqfqJ6vDVYaMJKvLnSO1c9QZRhU7kQ==

"@bazel/buildifier@latest":
  version "0.29.0"
  resolved "https://registry.yarnpkg.com/@bazel/buildifier/-/buildifier-0.29.0.tgz#7984739270c8d1dd23650f87a810e1e6367188d9"
  integrity sha512-skJ7vVff7x3tB8crBCtJji2wU09uH0uD2N30xfOpVUgsMJSXktAQMj8+RPdMBqJQ9XS5+O5lmRthR35Ua7xQXA==
  optionalDependencies:
    "@bazel/buildifier-darwin_x64" "0.29.0"
    "@bazel/buildifier-linux_x64" "0.29.0"
    "@bazel/buildifier-win32_x64" "0.29.0"

"@bazel/hide-bazel-files@latest":
  version "0.38.3"
  resolved "https://registry.yarnpkg.com/@bazel/hide-bazel-files/-/hide-bazel-files-0.38.3.tgz#e98231d3d360d51860d9c1a7c3345b40dab4cf81"
  integrity sha512-o+dNkfDm3qxWQ8h/04cWuTcjR7qnjZi3pQGv4aklVb16oPWx2jF8BzbkwvWuIkdbOl9VnqYP0vaHzwQVJRRcIA==

"@bazel/ibazel@latest":
  version "0.10.3"
  resolved "https://registry.yarnpkg.com/@bazel/ibazel/-/ibazel-0.10.3.tgz#2e2b8a1d3e885946eac41db2b1aa6801fb319887"
  integrity sha512-v1nXbMTHVlMM4z4uWp6XiRoHAyUlYggF1SOboLLWRp0+D22kWixqArWqnozLw2mOtnxr97BdLjluWiho6A8Hjg==
